// !$*UTF8*$!
{
	archiveVersion = 1;
	classes = {
	};
	objectVersion = 46;
	objects = {

/* Begin PBXBuildFile section */
		AD41CF7C1C972C4800B6FC80 /* AppDelegate.swift in Sources */ = {isa = PBXBuildFile; fileRef = AD41CF7B1C972C4800B6FC80 /* AppDelegate.swift */; };
		AD41CF811C972C4800B6FC80 /* Main.storyboard in Resources */ = {isa = PBXBuildFile; fileRef = AD41CF7F1C972C4800B6FC80 /* Main.storyboard */; };
		AD41CF831C972C4800B6FC80 /* Assets.xcassets in Resources */ = {isa = PBXBuildFile; fileRef = AD41CF821C972C4800B6FC80 /* Assets.xcassets */; };
		AD41CF861C972C4800B6FC80 /* LaunchScreen.storyboard in Resources */ = {isa = PBXBuildFile; fileRef = AD41CF841C972C4800B6FC80 /* LaunchScreen.storyboard */; };
		AD41CF8E1C9759CA00B6FC80 /* ConversionViewController.swift in Sources */ = {isa = PBXBuildFile; fileRef = AD41CF8D1C9759CA00B6FC80 /* ConversionViewController.swift */; };
/* End PBXBuildFile section */

/* Begin PBXFileReference section */
		AD41CF781C972C4800B6FC80 /* EarthTrotter.app */ = {isa = PBXFileReference; explicitFileType = wrapper.application; includeInIndex = 0; path = EarthTrotter.app; sourceTree = BUILT_PRODUCTS_DIR; };
		AD41CF7B1C972C4800B6FC80 /* AppDelegate.swift */ = {isa = PBXFileReference; lastKnownFileType = sourcecode.swift; path = AppDelegate.swift; sourceTree = "<group>"; };
		AD41CF801C972C4800B6FC80 /* Base */ = {isa = PBXFileReference; lastKnownFileType = file.storyboard; name = Base; path = Base.lproj/Main.storyboard; sourceTree = "<group>"; };
		AD41CF821C972C4800B6FC80 /* Assets.xcassets */ = {isa = PBXFileReference; lastKnownFileType = folder.assetcatalog; path = Assets.xcassets; sourceTree = "<group>"; };
		AD41CF851C972C4800B6FC80 /* Base */ = {isa = PBXFileReference; lastKnownFileType = file.storyboard; name = Base; path = Base.lproj/LaunchScreen.storyboard; sourceTree = "<group>"; };
		AD41CF871C972C4800B6FC80 /* Info.plist */ = {isa = PBXFileReference; lastKnownFileType = text.plist.xml; path = Info.plist; sourceTree = "<group>"; };
		AD41CF8D1C9759CA00B6FC80 /* ConversionViewController.swift */ = {isa = PBXFileReference; fileEncoding = 4; lastKnownFileType = sourcecode.swift; name = ConversionViewController.swift; path = ../ConversionViewController.swift; sourceTree = "<group>"; };
/* End PBXFileReference section */

/* Begin PBXFrameworksBuildPhase section */
		AD41CF751C972C4800B6FC80 /* Frameworks */ = {
			isa = PBXFrameworksBuildPhase;
			buildActionMask = 2147483647;
			files = (
			);
			runOnlyForDeploymentPostprocessing = 0;
		};
/* End PBXFrameworksBuildPhase section */

/* Begin PBXGroup section */
		AD41CF6F1C972C4800B6FC80 = {
			isa = PBXGroup;
			children = (
				AD41CF7A1C972C4800B6FC80 /* EarthTrotter */,
				AD41CF791C972C4800B6FC80 /* Products */,
			);
			sourceTree = "<group>";
		};
		AD41CF791C972C4800B6FC80 /* Products */ = {
			isa = PBXGroup;
			children = (
				AD41CF781C972C4800B6FC80 /* EarthTrotter.app */,
			);
			name = Products;
			sourceTree = "<group>";
		};
		AD41CF7A1C972C4800B6FC80 /* EarthTrotter */ = {
			isa = PBXGroup;
			children = (
				AD41CF7B1C972C4800B6FC80 /* AppDelegate.swift */,
				AD41CF7F1C972C4800B6FC80 /* Main.storyboard */,
				AD41CF8D1C9759CA00B6FC80 /* ConversionViewController.swift */,
				AD41CF821C972C4800B6FC80 /* Assets.xcassets */,
				AD41CF841C972C4800B6FC80 /* LaunchScreen.storyboard */,
				AD41CF871C972C4800B6FC80 /* Info.plist */,
			);
			path = EarthTrotter;
			sourceTree = "<group>";
		};
/* End PBXGroup section */

/* Begin PBXNativeTarget section */
		AD41CF771C972C4800B6FC80 /* EarthTrotter */ = {
			isa = PBXNativeTarget;
			buildConfigurationList = AD41CF8A1C972C4800B6FC80 /* Build configuration list for PBXNativeTarget "EarthTrotter" */;
			buildPhases = (
				AD41CF741C972C4800B6FC80 /* Sources */,
				AD41CF751C972C4800B6FC80 /* Frameworks */,
				AD41CF761C972C4800B6FC80 /* Resources */,
			);
			buildRules = (
			);
			dependencies = (
			);
			name = EarthTrotter;
			productName = EarthTrotter;
			productReference = AD41CF781C972C4800B6FC80 /* EarthTrotter.app */;
			productType = "com.apple.product-type.application";
		};
/* End PBXNativeTarget section */

/* Begin PBXProject section */
		AD41CF701C972C4800B6FC80 /* Project object */ = {
			isa = PBXProject;
			attributes = {
				LastSwiftUpdateCheck = 0720;
				LastUpgradeCheck = 0720;
				ORGANIZATIONNAME = "Dustin Hitzing";
				TargetAttributes = {
					AD41CF771C972C4800B6FC80 = {
						CreatedOnToolsVersion = 7.2.1;
					};
				};
			};
			buildConfigurationList = AD41CF731C972C4800B6FC80 /* Build configuration list for PBXProject "EarthTrotter" */;
			compatibilityVersion = "Xcode 3.2";
			developmentRegion = English;
			hasScannedForEncodings = 0;
			knownRegions = (
				en,
				Base,
			);
			mainGroup = AD41CF6F1C972C4800B6FC80;
			productRefGroup = AD41CF791C972C4800B6FC80 /* Products */;
			projectDirPath = "";
			projectRoot = "";
			targets = (
				AD41CF771C972C4800B6FC80 /* EarthTrotter */,
			);
		};
/* End PBXProject section */

/* Begin PBXResourcesBuildPhase section */
		AD41CF761C972C4800B6FC80 /* Resources */ = {
			isa = PBXResourcesBuildPhase;
			buildActionMask = 2147483647;
			files = (
				AD41CF861C972C4800B6FC80 /* LaunchScreen.storyboard in Resources */,
				AD41CF831C972C4800B6FC80 /* Assets.xcassets in Resources */,
				AD41CF811C972C4800B6FC80 /* Main.storyboard in Resources */,
			);
			runOnlyForDeploymentPostprocessing = 0;
		};
/* End PBXResourcesBuildPhase section */

/* Begin PBXSourcesBuildPhase section */
		AD41CF741C972C4800B6FC80 /* Sources */ = {
			isa = PBXSourcesBuildPhase;
			buildActionMask = 2147483647;
			files = (
				AD41CF8E1C9759CA00B6FC80 /* ConversionViewController.swift in Sources */,
				AD41CF7C1C972C4800B6FC80 /* AppDelegate.swift in Sources */,
			);
			runOnlyForDeploymentPostprocessing = 0;
		};
/* End PBXSourcesBuildPhase section */

/* Begin PBXVariantGroup section */
		AD41CF7F1C972C4800B6FC80 /* Main.storyboard */ = {
			isa = PBXVariantGroup;
			children = (
				AD41CF801C972C4800B6FC80 /* Base */,
			);
			name = Main.storyboard;
			sourceTree = "<group>";
		};
		AD41CF841C972C4800B6FC80 /* LaunchScreen.storyboard */ = {
			isa = PBXVariantGroup;
			children = (
				AD41CF851C972C4800B6FC80 /* Base */,
			);
			name = LaunchScreen.storyboard;
			sourceTree = "<group>";
		};
/* End PBXVariantGroup section */

/* Begin XCBuildConfiguration section */
		AD41CF881C972C4800B6FC80 /* Debug */ = {
			isa = XCBuildConfiguration;
			buildSettings = {
				ALWAYS_SEARCH_USER_PATHS = NO;
				CLANG_CXX_LANGUAGE_STANDARD = "gnu++0x";
				CLANG_CXX_LIBRARY = "libc++";
				CLANG_ENABLE_MODULES = YES;
				CLANG_ENABLE_OBJC_ARC = YES;
				CLANG_WARN_BOOL_CONVERSION = YES;
				CLANG_WARN_CONSTANT_CONVERSION = YES;
				CLANG_WARN_DIRECT_OBJC_ISA_USAGE = YES_ERROR;
				CLANG_WARN_EMPTY_BODY = YES;
				CLANG_WARN_ENUM_CONVERSION = YES;
				CLANG_WARN_INT_CONVERSION = YES;
				CLANG_WARN_OBJC_ROOT_CLASS = YES_ERROR;
				CLANG_WARN_UNREACHABLE_CODE = YES;
				CLANG_WARN__DUPLICATE_METHOD_MATCH = YES;
				"CODE_SIGN_IDENTITY[sdk=iphoneos*]" = "iPhone Developer";
				COPY_PHASE_STRIP = NO;
				DEBUG_INFORMATION_FORMAT = dwarf;
				ENABLE_STRICT_OBJC_MSGSEND = YES;
				ENABLE_TESTABILITY = YES;
				GCC_C_LANGUAGE_STANDARD = gnu99;
				GCC_DYNAMIC_NO_PIC = NO;
				GCC_NO_COMMON_BLOCKS = YES;
				GCC_OPTIMIZATION_LEVEL = 0;
				GCC_PREPROCESSOR_DEFINITIONS = (
					"DEBUG=1",
					"$(inherited)",
				);
				GCC_WARN_64_TO_32_BIT_CONVERSION = YES;
				GCC_WARN_ABOUT_RETURN_TYPE = YES_ERROR;
				GCC_WARN_UNDECLARED_SELECTOR = YES;
				GCC_WARN_UNINITIALIZED_AUTOS = YES_AGGRESSIVE;
				GCC_WARN_UNUSED_FUNCTION = YES;
				GCC_WARN_UNUSED_VARIABLE = YES;
				IPHONEOS_DEPLOYMENT_TARGET = 9.2;
				MTL_ENABLE_DEBUG_INFO = YES;
				ONLY_ACTIVE_ARCH = YES;
				SDKROOT = iphoneos;
				SWIFT_OPTIMIZATION_LEVEL = "-Onone";
			};
			name = Debug;
		};
		AD41CF891C972C4800B6FC80 /* Release */ = {
			isa = XCBuildConfiguration;
			buildSettings = {
				ALWAYS_SEARCH_USER_PATHS = NO;
				CLANG_CXX_LANGUAGE_STANDARD = "gnu++0x";
				CLANG_CXX_LIBRARY = "libc++";
				CLANG_ENABLE_MODULES = YES;
				CLANG_ENABLE_OBJC_ARC = YES;
				CLANG_WARN_BOOL_CONVERSION = YES;
				CLANG_WARN_CONSTANT_CONVERSION = YES;
				CLANG_WARN_DIRECT_OBJC_ISA_USAGE = YES_ERROR;
				CLANG_WARN_EMPTY_BODY = YES;
				CLANG_WARN_ENUM_CONVERSION = YES;
				CLANG_WARN_INT_CONVERSION = YES;
				CLANG_WARN_OBJC_ROOT_CLASS = YES_ERROR;
				CLANG_WARN_UNREACHABLE_CODE = YES;
				CLANG_WARN__DUPLICATE_METHOD_MATCH = YES;
				"CODE_SIGN_IDENTITY[sdk=iphoneos*]" = "iPhone Developer";
				COPY_PHASE_STRIP = NO;
				DEBUG_INFORMATION_FORMAT = "dwarf-with-dsym";
				ENABLE_NS_ASSERTIONS = NO;
				ENABLE_STRICT_OBJC_MSGSEND = YES;
				GCC_C_LANGUAGE_STANDARD = gnu99;
				GCC_NO_COMMON_BLOCKS = YES;
				GCC_WARN_64_TO_32_BIT_CONVERSION = YES;
				GCC_WARN_ABOUT_RETURN_TYPE = YES_ERROR;
				GCC_WARN_UNDECLARED_SELECTOR = YES;
				GCC_WARN_UNINITIALIZED_AUTOS = YES_AGGRESSIVE;
				GCC_WARN_UNUSED_FUNCTION = YES;
				GCC_WARN_UNUSED_VARIABLE = YES;
				IPHONEOS_DEPLOYMENT_TARGET = 9.2;
				MTL_ENABLE_DEBUG_INFO = NO;
				SDKROOT = iphoneos;
				VALIDATE_PRODUCT = YES;
			};
			name = Release;
		};
		AD41CF8B1C972C4800B6FC80 /* Debug */ = {
			isa = XCBuildConfiguration;
			buildSettings = {
				ASSETCATALOG_COMPILER_APPICON_NAME = AppIcon;
				INFOPLIST_FILE = EarthTrotter/Info.plist;
				LD_RUNPATH_SEARCH_PATHS = "$(inherited) @executable_path/Frameworks";
				PRODUCT_BUNDLE_IDENTIFIER = com.dustinhitzing.EarthTrotter;
				PRODUCT_NAME = "$(TARGET_NAME)";
			};
			name = Debug;
		};
		AD41CF8C1C972C4800B6FC80 /* Release */ = {
			isa = XCBuildConfiguration;
			buildSettings = {
				ASSETCATALOG_COMPILER_APPICON_NAME = AppIcon;
				INFOPLIST_FILE = EarthTrotter/Info.plist;
				LD_RUNPATH_SEARCH_PATHS = "$(inherited) @executable_path/Frameworks";
				PRODUCT_BUNDLE_IDENTIFIER = com.dustinhitzing.EarthTrotter;
				PRODUCT_NAME = "$(TARGET_NAME)";
			};
			name = Release;
		};
/* End XCBuildConfiguration section */

/* Begin XCConfigurationList section */
		AD41CF731C972C4800B6FC80 /* Build configuration list for PBXProject "EarthTrotter" */ = {
			isa = XCConfigurationList;
			buildConfigurations = (
				AD41CF881C972C4800B6FC80 /* Debug */,
				AD41CF891C972C4800B6FC80 /* Release */,
			);
			defaultConfigurationIsVisible = 0;
			defaultConfigurationName = Release;
		};
		AD41CF8A1C972C4800B6FC80 /* Build configuration list for PBXNativeTarget "EarthTrotter" */ = {
			isa = XCConfigurationList;
			buildConfigurations = (
				AD41CF8B1C972C4800B6FC80 /* Debug */,
				AD41CF8C1C972C4800B6FC80 /* Release */,
			);
			defaultConfigurationIsVisible = 0;
		};
/* End XCConfigurationList section */
	};
	rootObject = AD41CF701C972C4800B6FC80 /* Project object */;
}
